
Microsoft Visual Studio Solution File, Format Version 12.00
# Visual Studio Version 17
VisualStudioVersion = 17.11.35312.102
MinimumVisualStudioVersion = 10.0.40219.1
Project("{FAE04EC0-301F-11D3-BF4B-00C04F79EFBC}") = "Fall2024-Assignment1-opmcmenaman", "Fall2024-Assignment1-opmcmenaman\Fall2024-Assignment1-opmcmenaman.csproj", "{C38B7115-7E9D-41A0-8A91-5419D553ED06}"
EndProject
Global
	GlobalSection(SolutionConfigurationPlatforms) = preSolution
		Debug|Any CPU = Debug|Any CPU
		Release|Any CPU = Release|Any CPU
	EndGlobalSection
	GlobalSection(ProjectConfigurationPlatforms) = postSolution
		{C38B7115-7E9D-41A0-8A91-5419D553ED06}.Debug|Any CPU.ActiveCfg = Debug|Any CPU
		{C38B7115-7E9D-41A0-8A91-5419D553ED06}.Debug|Any CPU.Build.0 = Debug|Any CPU
		{C38B7115-7E9D-41A0-8A91-5419D553ED06}.Release|Any CPU.ActiveCfg = Release|Any CPU
		{C38B7115-7E9D-41A0-8A91-5419D553ED06}.Release|Any CPU.Build.0 = Release|Any CPU
	EndGlobalSection
	GlobalSection(SolutionProperties) = preSolution
		HideSolutionNode = FALSE
	EndGlobalSection
	GlobalSection(ExtensibilityGlobals) = postSolution
		SolutionGuid = {2BD04530-5F35-41C4-A178-9D1720A44D94}
	EndGlobalSection
EndGlobal
